<?xml version="1.0" encoding="utf-8"?>
<Project ToolsVersion="4.0" xmlns="http://schemas.microsoft.com/developer/msbuild/2003">
  <ItemGroup>
    <Filter Include="Source Files">
      <UniqueIdentifier>{4FC737F1-C7A5-4376-A066-2A32D752A2FF}</UniqueIdentifier>
      <Extensions>cpp;c;cc;cxx;def;odl;idl;hpj;bat;asm;asmx</Extensions>
    </Filter>
    <Filter Include="Header Files">
      <UniqueIdentifier>{93995380-89BD-4b04-88EB-625FBE52EBFB}</UniqueIdentifier>
      <Extensions>h;hh;hpp;hxx;hm;inl;inc;xsd</Extensions>
    </Filter>
    <Filter Include="Source Files\Controller">
      <UniqueIdentifier>{f765d14a-f663-40bf-b6f3-3e4e58481560}</UniqueIdentifier>
    </Filter>
    <Filter Include="Source Files\Model">
      <UniqueIdentifier>{afad0034-467b-4f6e-935b-de4aa26dee39}</UniqueIdentifier>
    </Filter>
    <Filter Include="Source Files\View">
      <UniqueIdentifier>{b2a11be5-3d42-4f4d-93b8-6af95cff9681}</UniqueIdentifier>
    </Filter>
    <Filter Include="Source Files\Utils">
      <UniqueIdentifier>{c8cd99ec-6c03-4d8c-894e-c40f904b7288}</UniqueIdentifier>
    </Filter>
  </ItemGroup>
  <ItemGroup>
    <ClCompile Include="main.cpp">
      <Filter>Source Files</Filter>
    </ClCompile>
    <ClCompile Include="GameScene.cc">
      <Filter>Source Files\Model</Filter>
    </ClCompile>
    <ClCompile Include="Grid.cc">
      <Filter>Source Files\Model</Filter>
    </ClCompile>
    <ClCompile Include="MenuScene.cc">
      <Filter>Source Files\Model</Filter>
    </ClCompile>
    <ClCompile Include="SnakeScene.cc">
      <Filter>Source Files\Model</Filter>
    </ClCompile>
    <ClCompile Include="SnakeGrid.cc">
      <Filter>Source Files\Model</Filter>
    </ClCompile>
    <ClCompile Include="Snake.cc">
      <Filter>Source Files\Model</Filter>
    </ClCompile>
  </ItemGroup>
  <ItemGroup>
    <ClInclude Include="Button.h">
      <Filter>Source Files\Model</Filter>
    </ClInclude>
    <ClInclude Include="System.hh">
      <Filter>Source Files\Utils</Filter>
    </ClInclude>
    <ClInclude Include="Assert.hh">
      <Filter>Source Files\Utils</Filter>
    </ClInclude>
    <ClInclude Include="IOManager.hh">
      <Filter>Source Files\Utils</Filter>
    </ClInclude>
    <ClInclude Include="Logger.hh">
      <Filter>Source Files\Utils</Filter>
    </ClInclude>
    <ClInclude Include="Color.hh">
      <Filter>Source Files\Model</Filter>
    </ClInclude>
    <ClInclude Include="GameScene.hh">
      <Filter>Source Files\Model</Filter>
    </ClInclude>
    <ClInclude Include="Grid.hh">
      <Filter>Source Files\Model</Filter>
    </ClInclude>
    <ClInclude Include="GUI.hh">
      <Filter>Source Files\Model</Filter>
    </ClInclude>
    <ClInclude Include="ID.hh">
      <Filter>Source Files\Model</Filter>
    </ClInclude>
    <ClInclude Include="MenuScene.hh">
      <Filter>Source Files\Model</Filter>
    </ClInclude>
    <ClInclude Include="Scene.hh">
      <Filter>Source Files\Model</Filter>
    </ClInclude>
    <ClInclude Include="Sprite.hh">
      <Filter>Source Files\Model</Filter>
    </ClInclude>
    <ClInclude Include="Transform.hh">
      <Filter>Source Files\Model</Filter>
    </ClInclude>
    <ClInclude Include="GameEngine.hh">
      <Filter>Source Files\Controller</Filter>
    </ClInclude>
    <ClInclude Include="InputManager.hh">
      <Filter>Source Files\Controller</Filter>
    </ClInclude>
    <ClInclude Include="SceneManager.hh">
      <Filter>Source Files\Controller</Filter>
    </ClInclude>
    <ClInclude Include="TimeManager.hh">
      <Filter>Source Files\Controller</Filter>
    </ClInclude>
    <ClInclude Include="Renderer.hh">
      <Filter>Source Files\View</Filter>
    </ClInclude>
    <ClInclude Include="Window.hh">
      <Filter>Source Files\View</Filter>
    </ClInclude>
    <ClInclude Include="Resource.hh">
      <Filter>Source Files\Utils</Filter>
    </ClInclude>
    <ClInclude Include="main.h">
      <Filter>Header Files</Filter>
    </ClInclude>
    <ClInclude Include="SnakeScene.hh">
      <Filter>Source Files\Model</Filter>
    </ClInclude>
    <ClInclude Include="SnakeGrid.hh">
      <Filter>Source Files\Model</Filter>
    </ClInclude>
    <ClInclude Include="Snake.hh">
      <Filter>Source Files\Model</Filter>
    </ClInclude>
  </ItemGroup>
</Project>